PODS:
  - Alamofire (5.4.3)
  - ObjectMapper (4.2.0)
  - PanModal (1.2.7)
  - PromiseKit (6.15.3):
    - PromiseKit/CorePromise (= 6.15.3)
    - PromiseKit/Foundation (= 6.15.3)
    - PromiseKit/UIKit (= 6.15.3)
  - PromiseKit/CorePromise (6.15.3)
  - PromiseKit/Foundation (6.15.3):
    - PromiseKit/CorePromise
  - PromiseKit/UIKit (6.15.3):
    - PromiseKit/CorePromise
  - R.swift (5.4.0):
    - R.swift.Library (~> 5.3.0)
  - R.swift.Library (5.3.0)
  - Reusable (4.1.1):
    - Reusable/Storyboard (= 4.1.1)
    - Reusable/View (= 4.1.1)
  - Reusable/Storyboard (4.1.1)
  - Reusable/View (4.1.1)
  - SnapKit (5.0.1)

DEPENDENCIES:
  - Alamofire
  - ObjectMapper
  - PanModal
  - PromiseKit
  - R.swift
  - Reusable
  - SnapKit

SPEC REPOS:
  trunk:
    - Alamofire
    - ObjectMapper
    - PanModal
    - PromiseKit
    - R.swift
    - R.swift.Library
    - Reusable
    - SnapKit

SPEC CHECKSUMS:
  Alamofire: e447a2774a40c996748296fa2c55112fdbbc42f9
  ObjectMapper: 1eb41f610210777375fa806bf161dc39fb832b81
  PanModal: 3e16ead1a907fb06f4df3f13492fd00149fa4974
  PromiseKit: 3b2b6995e51a954c46dbc550ce3da44fbfb563c5
  R.swift: c533450b0f7dc494e0993f5f1a1db925d84c3006
  R.swift.Library: 0fc583cb55a99e28901299cc451614cad1161962
  Reusable: 53a9acf5c536f229b31b5865782414b508252ddb
  SnapKit: 97b92857e3df3a0c71833cce143274bf6ef8e5eb

PODFILE CHECKSUM: c79d1f95b657c490b429fc2bb5e72f626efb56c9

COCOAPODS: 1.10.1
