// !$*UTF8*$!
{
	archiveVersion = 1;
	classes = {
	};
	objectVersion = 51;
	objects = {

/* Begin PBXBuildFile section */
		3CDD3AA6A9D4CB53E58A082D /* Pods_CurrencyConverter_CurrencyConverterUITests.framework in Frameworks */ = {isa = PBXBuildFile; fileRef = 85DCFAC81381679BA0D76246 /* Pods_CurrencyConverter_CurrencyConverterUITests.framework */; };
		890B8148266D0F39005D234D /* SceneDelegate.swift in Sources */ = {isa = PBXBuildFile; fileRef = 890B8147266D0F39005D234D /* SceneDelegate.swift */; };
		890B814F266D2134005D234D /* R.generated.swift in Sources */ = {isa = PBXBuildFile; fileRef = 890B814E266D2134005D234D /* R.generated.swift */; };
		890B8155266D233A005D234D /* Montserrat-Bold.ttf in Resources */ = {isa = PBXBuildFile; fileRef = 890B8151266D233A005D234D /* Montserrat-Bold.ttf */; };
		890B8156266D233A005D234D /* Montserrat-Regular.ttf in Resources */ = {isa = PBXBuildFile; fileRef = 890B8152266D233A005D234D /* Montserrat-Regular.ttf */; };
		890B8157266D233A005D234D /* Montserrat-Medium.ttf in Resources */ = {isa = PBXBuildFile; fileRef = 890B8153266D233A005D234D /* Montserrat-Medium.ttf */; };
		890B8158266D233A005D234D /* Montserrat-Black.ttf in Resources */ = {isa = PBXBuildFile; fileRef = 890B8154266D233A005D234D /* Montserrat-Black.ttf */; };
		890B815A266D2789005D234D /* RxSwiftExtensions.swift in Sources */ = {isa = PBXBuildFile; fileRef = 890B8159266D2789005D234D /* RxSwiftExtensions.swift */; };
		890B815E26725B75005D234D /* Podfile in Resources */ = {isa = PBXBuildFile; fileRef = 890B815D26725B75005D234D /* Podfile */; };
		890B816126725C15005D234D /* CurrencyTextField.swift in Sources */ = {isa = PBXBuildFile; fileRef = 890B816026725C15005D234D /* CurrencyTextField.swift */; };
		890B816326725C60005D234D /* View.swift in Sources */ = {isa = PBXBuildFile; fileRef = 890B816226725C60005D234D /* View.swift */; };
		890B816526725CAC005D234D /* Theme.swift in Sources */ = {isa = PBXBuildFile; fileRef = 890B816426725CAB005D234D /* Theme.swift */; };
		890B8167267264A3005D234D /* Color.swift in Sources */ = {isa = PBXBuildFile; fileRef = 890B8166267264A3005D234D /* Color.swift */; };
		890B816C26728DAD005D234D /* TextField.swift in Sources */ = {isa = PBXBuildFile; fileRef = 890B816B26728DAD005D234D /* TextField.swift */; };
		890B816E2672A5B8005D234D /* UIImageExtensions.swift in Sources */ = {isa = PBXBuildFile; fileRef = 890B816D2672A5B8005D234D /* UIImageExtensions.swift */; };
		890B817426747546005D234D /* currencies.json in Resources */ = {isa = PBXBuildFile; fileRef = 890B817326747546005D234D /* currencies.json */; };
		890B817626747610005D234D /* Error.swift in Sources */ = {isa = PBXBuildFile; fileRef = 890B817526747610005D234D /* Error.swift */; };
		890B817826747748005D234D /* CurrencyData.swift in Sources */ = {isa = PBXBuildFile; fileRef = 890B817726747748005D234D /* CurrencyData.swift */; };
		8919B3B6266BD5BB008F266D /* AppDelegate.swift in Sources */ = {isa = PBXBuildFile; fileRef = 8919B3B5266BD5BB008F266D /* AppDelegate.swift */; };
		8919B3BF266BD5BC008F266D /* Assets.xcassets in Resources */ = {isa = PBXBuildFile; fileRef = 8919B3BE266BD5BC008F266D /* Assets.xcassets */; };
		8919B3C2266BD5BC008F266D /* LaunchScreen.storyboard in Resources */ = {isa = PBXBuildFile; fileRef = 8919B3C0266BD5BC008F266D /* LaunchScreen.storyboard */; };
		8919B3CD266BD5BC008F266D /* CurrencyConverterTests.swift in Sources */ = {isa = PBXBuildFile; fileRef = 8919B3CC266BD5BC008F266D /* CurrencyConverterTests.swift */; };
		8919B3D8266BD5BC008F266D /* CurrencyConverterUITests.swift in Sources */ = {isa = PBXBuildFile; fileRef = 8919B3D7266BD5BC008F266D /* CurrencyConverterUITests.swift */; };
		89310E812674816D00017FEE /* CurrencySelectInteractor.swift in Sources */ = {isa = PBXBuildFile; fileRef = 89310E7C2674816D00017FEE /* CurrencySelectInteractor.swift */; };
		89310E822674816D00017FEE /* CurrencySelectRouter.swift in Sources */ = {isa = PBXBuildFile; fileRef = 89310E7D2674816D00017FEE /* CurrencySelectRouter.swift */; };
		89310E832674816D00017FEE /* CurrencySelectPresenter.swift in Sources */ = {isa = PBXBuildFile; fileRef = 89310E7E2674816D00017FEE /* CurrencySelectPresenter.swift */; };
		89310E842674816D00017FEE /* CurrencySelectContract.swift in Sources */ = {isa = PBXBuildFile; fileRef = 89310E7F2674816D00017FEE /* CurrencySelectContract.swift */; };
		89310E852674816D00017FEE /* CurrencySelectViewController.swift in Sources */ = {isa = PBXBuildFile; fileRef = 89310E802674816D00017FEE /* CurrencySelectViewController.swift */; };
		89310E872674A11600017FEE /* StringExtensions.swift in Sources */ = {isa = PBXBuildFile; fileRef = 89310E862674A11600017FEE /* StringExtensions.swift */; };
		89310E892674A79B00017FEE /* UINavigationControllerExtensions.swift in Sources */ = {isa = PBXBuildFile; fileRef = 89310E882674A79B00017FEE /* UINavigationControllerExtensions.swift */; };
		89310E8B2674AA4400017FEE /* UIViewExtensions.swift in Sources */ = {isa = PBXBuildFile; fileRef = 89310E8A2674AA4400017FEE /* UIViewExtensions.swift */; };
		89310E8D2674B78600017FEE /* KeyboardFollower.swift in Sources */ = {isa = PBXBuildFile; fileRef = 89310E8C2674B78600017FEE /* KeyboardFollower.swift */; };
		89310E8F2675A1CF00017FEE /* CurrencyCell.swift in Sources */ = {isa = PBXBuildFile; fileRef = 89310E8E2675A1CF00017FEE /* CurrencyCell.swift */; };
		893DB116266CD1D1007AC9CE /* ConverterInteractor.swift in Sources */ = {isa = PBXBuildFile; fileRef = 893DB10B266CD1D1007AC9CE /* ConverterInteractor.swift */; };
		893DB117266CD1D1007AC9CE /* ConverterContract.swift in Sources */ = {isa = PBXBuildFile; fileRef = 893DB10D266CD1D1007AC9CE /* ConverterContract.swift */; };
		893DB118266CD1D1007AC9CE /* ConverterPresenter.swift in Sources */ = {isa = PBXBuildFile; fileRef = 893DB10F266CD1D1007AC9CE /* ConverterPresenter.swift */; };
		893DB119266CD1D1007AC9CE /* ConverterRouter.swift in Sources */ = {isa = PBXBuildFile; fileRef = 893DB111266CD1D1007AC9CE /* ConverterRouter.swift */; };
		893DB11A266CD1D1007AC9CE /* ConverterViewController.swift in Sources */ = {isa = PBXBuildFile; fileRef = 893DB113266CD1D1007AC9CE /* ConverterViewController.swift */; };
		893DB120266CD290007AC9CE /* BaseViewController.swift in Sources */ = {isa = PBXBuildFile; fileRef = 893DB11F266CD290007AC9CE /* BaseViewController.swift */; };
		893DB12A266CDA6E007AC9CE /* InteractorProtocol.swift in Sources */ = {isa = PBXBuildFile; fileRef = 893DB126266CDA6E007AC9CE /* InteractorProtocol.swift */; };
		893DB12B266CDA6E007AC9CE /* PresenterProtocol.swift in Sources */ = {isa = PBXBuildFile; fileRef = 893DB127266CDA6E007AC9CE /* PresenterProtocol.swift */; };
		893DB12C266CDA6E007AC9CE /* RouterProtocol.swift in Sources */ = {isa = PBXBuildFile; fileRef = 893DB128266CDA6E007AC9CE /* RouterProtocol.swift */; };
		893DB12D266CDA6E007AC9CE /* ViewProtocol.swift in Sources */ = {isa = PBXBuildFile; fileRef = 893DB129266CDA6E007AC9CE /* ViewProtocol.swift */; };
		893DB130266CDE9B007AC9CE /* CurrencyLayerService.swift in Sources */ = {isa = PBXBuildFile; fileRef = 893DB12F266CDE9B007AC9CE /* CurrencyLayerService.swift */; };
		893DB138266CE1CF007AC9CE /* Service.swift in Sources */ = {isa = PBXBuildFile; fileRef = 893DB137266CE1CF007AC9CE /* Service.swift */; };
		893DB13A266CE4EA007AC9CE /* Scheduler.swift in Sources */ = {isa = PBXBuildFile; fileRef = 893DB139266CE4EA007AC9CE /* Scheduler.swift */; };
		893DB13D266CEB7E007AC9CE /* Persistent.swift in Sources */ = {isa = PBXBuildFile; fileRef = 893DB13C266CEB7E007AC9CE /* Persistent.swift */; };
		893DB13F266CEC59007AC9CE /* UserDefaultsExtensions.swift in Sources */ = {isa = PBXBuildFile; fileRef = 893DB13E266CEC59007AC9CE /* UserDefaultsExtensions.swift */; };
		AB5F9B06526988ABE9A772A9 /* Pods_CurrencyConverter.framework in Frameworks */ = {isa = PBXBuildFile; fileRef = 79D502874D4C1930B7FC4807 /* Pods_CurrencyConverter.framework */; };
		F42F09E41C9148767CE0AE51 /* Pods_CurrencyConverter_CurrencyConverterTests.framework in Frameworks */ = {isa = PBXBuildFile; fileRef = FE3A041D068493B60CD16950 /* Pods_CurrencyConverter_CurrencyConverterTests.framework */; };
/* End PBXBuildFile section */

/* Begin PBXContainerItemProxy section */
		8919B3C9266BD5BC008F266D /* PBXContainerItemProxy */ = {
			isa = PBXContainerItemProxy;
			containerPortal = 8919B3AA266BD5BB008F266D /* Project object */;
			proxyType = 1;
			remoteGlobalIDString = 8919B3B1266BD5BB008F266D;
			remoteInfo = CurrencyConverter;
		};
		8919B3D4266BD5BC008F266D /* PBXContainerItemProxy */ = {
			isa = PBXContainerItemProxy;
			containerPortal = 8919B3AA266BD5BB008F266D /* Project object */;
			proxyType = 1;
			remoteGlobalIDString = 8919B3B1266BD5BB008F266D;
			remoteInfo = CurrencyConverter;
		};
/* End PBXContainerItemProxy section */

/* Begin PBXFileReference section */
		096C8614F0F5AA221BBDDF7C /* Pods-CurrencyConverter-CurrencyConverterTests.debug.xcconfig */ = {isa = PBXFileReference; includeInIndex = 1; lastKnownFileType = text.xcconfig; name = "Pods-CurrencyConverter-CurrencyConverterTests.debug.xcconfig"; path = "Target Support Files/Pods-CurrencyConverter-CurrencyConverterTests/Pods-CurrencyConverter-CurrencyConverterTests.debug.xcconfig"; sourceTree = "<group>"; };
		0F0D1EDD99C9F7AFEF2D325B /* Pods-CurrencyConverterTests.release.xcconfig */ = {isa = PBXFileReference; includeInIndex = 1; lastKnownFileType = text.xcconfig; name = "Pods-CurrencyConverterTests.release.xcconfig"; path = "Target Support Files/Pods-CurrencyConverterTests/Pods-CurrencyConverterTests.release.xcconfig"; sourceTree = "<group>"; };
		2FC8FD90852EA2D824BF2D07 /* Pods-CurrencyConverter-CurrencyConverterUITests.debug.xcconfig */ = {isa = PBXFileReference; includeInIndex = 1; lastKnownFileType = text.xcconfig; name = "Pods-CurrencyConverter-CurrencyConverterUITests.debug.xcconfig"; path = "Target Support Files/Pods-CurrencyConverter-CurrencyConverterUITests/Pods-CurrencyConverter-CurrencyConverterUITests.debug.xcconfig"; sourceTree = "<group>"; };
		74D019202AEB640FA59D6C32 /* Pods-CurrencyConverter-CurrencyConverterUITests.release.xcconfig */ = {isa = PBXFileReference; includeInIndex = 1; lastKnownFileType = text.xcconfig; name = "Pods-CurrencyConverter-CurrencyConverterUITests.release.xcconfig"; path = "Target Support Files/Pods-CurrencyConverter-CurrencyConverterUITests/Pods-CurrencyConverter-CurrencyConverterUITests.release.xcconfig"; sourceTree = "<group>"; };
		79D502874D4C1930B7FC4807 /* Pods_CurrencyConverter.framework */ = {isa = PBXFileReference; explicitFileType = wrapper.framework; includeInIndex = 0; path = Pods_CurrencyConverter.framework; sourceTree = BUILT_PRODUCTS_DIR; };
		85DCFAC81381679BA0D76246 /* Pods_CurrencyConverter_CurrencyConverterUITests.framework */ = {isa = PBXFileReference; explicitFileType = wrapper.framework; includeInIndex = 0; path = Pods_CurrencyConverter_CurrencyConverterUITests.framework; sourceTree = BUILT_PRODUCTS_DIR; };
		890B8147266D0F39005D234D /* SceneDelegate.swift */ = {isa = PBXFileReference; fileEncoding = 4; lastKnownFileType = sourcecode.swift; path = SceneDelegate.swift; sourceTree = "<group>"; };
		890B814E266D2134005D234D /* R.generated.swift */ = {isa = PBXFileReference; fileEncoding = 4; lastKnownFileType = sourcecode.swift; path = R.generated.swift; sourceTree = SOURCE_ROOT; };
		890B8151266D233A005D234D /* Montserrat-Bold.ttf */ = {isa = PBXFileReference; lastKnownFileType = file; path = "Montserrat-Bold.ttf"; sourceTree = "<group>"; };
		890B8152266D233A005D234D /* Montserrat-Regular.ttf */ = {isa = PBXFileReference; lastKnownFileType = file; path = "Montserrat-Regular.ttf"; sourceTree = "<group>"; };
		890B8153266D233A005D234D /* Montserrat-Medium.ttf */ = {isa = PBXFileReference; lastKnownFileType = file; path = "Montserrat-Medium.ttf"; sourceTree = "<group>"; };
		890B8154266D233A005D234D /* Montserrat-Black.ttf */ = {isa = PBXFileReference; lastKnownFileType = file; path = "Montserrat-Black.ttf"; sourceTree = "<group>"; };
		890B8159266D2789005D234D /* RxSwiftExtensions.swift */ = {isa = PBXFileReference; lastKnownFileType = sourcecode.swift; path = RxSwiftExtensions.swift; sourceTree = "<group>"; };
		890B815D26725B75005D234D /* Podfile */ = {isa = PBXFileReference; fileEncoding = 4; lastKnownFileType = text; path = Podfile; sourceTree = SOURCE_ROOT; xcLanguageSpecificationIdentifier = xcode.lang.ruby; };
		890B816026725C15005D234D /* CurrencyTextField.swift */ = {isa = PBXFileReference; lastKnownFileType = sourcecode.swift; path = CurrencyTextField.swift; sourceTree = "<group>"; };
		890B816226725C60005D234D /* View.swift */ = {isa = PBXFileReference; lastKnownFileType = sourcecode.swift; path = View.swift; sourceTree = "<group>"; };
		890B816426725CAB005D234D /* Theme.swift */ = {isa = PBXFileReference; lastKnownFileType = sourcecode.swift; path = Theme.swift; sourceTree = "<group>"; };
		890B8166267264A3005D234D /* Color.swift */ = {isa = PBXFileReference; lastKnownFileType = sourcecode.swift; path = Color.swift; sourceTree = "<group>"; };
		890B816B26728DAD005D234D /* TextField.swift */ = {isa = PBXFileReference; lastKnownFileType = sourcecode.swift; path = TextField.swift; sourceTree = "<group>"; };
		890B816D2672A5B8005D234D /* UIImageExtensions.swift */ = {isa = PBXFileReference; lastKnownFileType = sourcecode.swift; path = UIImageExtensions.swift; sourceTree = "<group>"; };
		890B817326747546005D234D /* currencies.json */ = {isa = PBXFileReference; fileEncoding = 4; lastKnownFileType = text.json; path = currencies.json; sourceTree = "<group>"; };
		890B817526747610005D234D /* Error.swift */ = {isa = PBXFileReference; lastKnownFileType = sourcecode.swift; path = Error.swift; sourceTree = "<group>"; };
		890B817726747748005D234D /* CurrencyData.swift */ = {isa = PBXFileReference; lastKnownFileType = sourcecode.swift; path = CurrencyData.swift; sourceTree = "<group>"; };
		8919B3B2266BD5BB008F266D /* CurrencyConverter.app */ = {isa = PBXFileReference; explicitFileType = wrapper.application; includeInIndex = 0; path = CurrencyConverter.app; sourceTree = BUILT_PRODUCTS_DIR; };
		8919B3B5266BD5BB008F266D /* AppDelegate.swift */ = {isa = PBXFileReference; lastKnownFileType = sourcecode.swift; path = AppDelegate.swift; sourceTree = "<group>"; };
		8919B3BE266BD5BC008F266D /* Assets.xcassets */ = {isa = PBXFileReference; lastKnownFileType = folder.assetcatalog; path = Assets.xcassets; sourceTree = "<group>"; };
		8919B3C1266BD5BC008F266D /* Base */ = {isa = PBXFileReference; lastKnownFileType = file.storyboard; name = Base; path = Base.lproj/LaunchScreen.storyboard; sourceTree = "<group>"; };
		8919B3C3266BD5BC008F266D /* Info.plist */ = {isa = PBXFileReference; lastKnownFileType = text.plist.xml; path = Info.plist; sourceTree = "<group>"; };
		8919B3C8266BD5BC008F266D /* CurrencyConverterTests.xctest */ = {isa = PBXFileReference; explicitFileType = wrapper.cfbundle; includeInIndex = 0; path = CurrencyConverterTests.xctest; sourceTree = BUILT_PRODUCTS_DIR; };
		8919B3CC266BD5BC008F266D /* CurrencyConverterTests.swift */ = {isa = PBXFileReference; lastKnownFileType = sourcecode.swift; path = CurrencyConverterTests.swift; sourceTree = "<group>"; };
		8919B3CE266BD5BC008F266D /* Info.plist */ = {isa = PBXFileReference; lastKnownFileType = text.plist.xml; path = Info.plist; sourceTree = "<group>"; };
		8919B3D3266BD5BC008F266D /* CurrencyConverterUITests.xctest */ = {isa = PBXFileReference; explicitFileType = wrapper.cfbundle; includeInIndex = 0; path = CurrencyConverterUITests.xctest; sourceTree = BUILT_PRODUCTS_DIR; };
		8919B3D7266BD5BC008F266D /* CurrencyConverterUITests.swift */ = {isa = PBXFileReference; lastKnownFileType = sourcecode.swift; path = CurrencyConverterUITests.swift; sourceTree = "<group>"; };
		8919B3D9266BD5BC008F266D /* Info.plist */ = {isa = PBXFileReference; lastKnownFileType = text.plist.xml; path = Info.plist; sourceTree = "<group>"; };
		89310E7C2674816D00017FEE /* CurrencySelectInteractor.swift */ = {isa = PBXFileReference; fileEncoding = 4; lastKnownFileType = sourcecode.swift; path = CurrencySelectInteractor.swift; sourceTree = "<group>"; };
		89310E7D2674816D00017FEE /* CurrencySelectRouter.swift */ = {isa = PBXFileReference; fileEncoding = 4; lastKnownFileType = sourcecode.swift; path = CurrencySelectRouter.swift; sourceTree = "<group>"; };
		89310E7E2674816D00017FEE /* CurrencySelectPresenter.swift */ = {isa = PBXFileReference; fileEncoding = 4; lastKnownFileType = sourcecode.swift; path = CurrencySelectPresenter.swift; sourceTree = "<group>"; };
		89310E7F2674816D00017FEE /* CurrencySelectContract.swift */ = {isa = PBXFileReference; fileEncoding = 4; lastKnownFileType = sourcecode.swift; path = CurrencySelectContract.swift; sourceTree = "<group>"; };
		89310E802674816D00017FEE /* CurrencySelectViewController.swift */ = {isa = PBXFileReference; fileEncoding = 4; lastKnownFileType = sourcecode.swift; path = CurrencySelectViewController.swift; sourceTree = "<group>"; };
		89310E862674A11600017FEE /* StringExtensions.swift */ = {isa = PBXFileReference; lastKnownFileType = sourcecode.swift; path = StringExtensions.swift; sourceTree = "<group>"; };
		89310E882674A79B00017FEE /* UINavigationControllerExtensions.swift */ = {isa = PBXFileReference; lastKnownFileType = sourcecode.swift; path = UINavigationControllerExtensions.swift; sourceTree = "<group>"; };
		89310E8A2674AA4400017FEE /* UIViewExtensions.swift */ = {isa = PBXFileReference; lastKnownFileType = sourcecode.swift; path = UIViewExtensions.swift; sourceTree = "<group>"; };
		89310E8C2674B78600017FEE /* KeyboardFollower.swift */ = {isa = PBXFileReference; lastKnownFileType = sourcecode.swift; path = KeyboardFollower.swift; sourceTree = "<group>"; };
		89310E8E2675A1CF00017FEE /* CurrencyCell.swift */ = {isa = PBXFileReference; lastKnownFileType = sourcecode.swift; path = CurrencyCell.swift; sourceTree = "<group>"; };
		893DB10B266CD1D1007AC9CE /* ConverterInteractor.swift */ = {isa = PBXFileReference; fileEncoding = 4; lastKnownFileType = sourcecode.swift; path = ConverterInteractor.swift; sourceTree = "<group>"; };
		893DB10D266CD1D1007AC9CE /* ConverterContract.swift */ = {isa = PBXFileReference; fileEncoding = 4; lastKnownFileType = sourcecode.swift; path = ConverterContract.swift; sourceTree = "<group>"; };
		893DB10F266CD1D1007AC9CE /* ConverterPresenter.swift */ = {isa = PBXFileReference; fileEncoding = 4; lastKnownFileType = sourcecode.swift; path = ConverterPresenter.swift; sourceTree = "<group>"; };
		893DB111266CD1D1007AC9CE /* ConverterRouter.swift */ = {isa = PBXFileReference; fileEncoding = 4; lastKnownFileType = sourcecode.swift; path = ConverterRouter.swift; sourceTree = "<group>"; };
		893DB113266CD1D1007AC9CE /* ConverterViewController.swift */ = {isa = PBXFileReference; fileEncoding = 4; lastKnownFileType = sourcecode.swift; path = ConverterViewController.swift; sourceTree = "<group>"; };
		893DB11F266CD290007AC9CE /* BaseViewController.swift */ = {isa = PBXFileReference; lastKnownFileType = sourcecode.swift; path = BaseViewController.swift; sourceTree = "<group>"; };
		893DB126266CDA6E007AC9CE /* InteractorProtocol.swift */ = {isa = PBXFileReference; fileEncoding = 4; lastKnownFileType = sourcecode.swift; path = InteractorProtocol.swift; sourceTree = "<group>"; };
		893DB127266CDA6E007AC9CE /* PresenterProtocol.swift */ = {isa = PBXFileReference; fileEncoding = 4; lastKnownFileType = sourcecode.swift; path = PresenterProtocol.swift; sourceTree = "<group>"; };
		893DB128266CDA6E007AC9CE /* RouterProtocol.swift */ = {isa = PBXFileReference; fileEncoding = 4; lastKnownFileType = sourcecode.swift; path = RouterProtocol.swift; sourceTree = "<group>"; };
		893DB129266CDA6E007AC9CE /* ViewProtocol.swift */ = {isa = PBXFileReference; fileEncoding = 4; lastKnownFileType = sourcecode.swift; path = ViewProtocol.swift; sourceTree = "<group>"; };
		893DB12F266CDE9B007AC9CE /* CurrencyLayerService.swift */ = {isa = PBXFileReference; lastKnownFileType = sourcecode.swift; path = CurrencyLayerService.swift; sourceTree = "<group>"; };
		893DB137266CE1CF007AC9CE /* Service.swift */ = {isa = PBXFileReference; lastKnownFileType = sourcecode.swift; path = Service.swift; sourceTree = "<group>"; };
		893DB139266CE4EA007AC9CE /* Scheduler.swift */ = {isa = PBXFileReference; lastKnownFileType = sourcecode.swift; path = Scheduler.swift; sourceTree = "<group>"; };
		893DB13C266CEB7E007AC9CE /* Persistent.swift */ = {isa = PBXFileReference; lastKnownFileType = sourcecode.swift; path = Persistent.swift; sourceTree = "<group>"; };
		893DB13E266CEC59007AC9CE /* UserDefaultsExtensions.swift */ = {isa = PBXFileReference; lastKnownFileType = sourcecode.swift; path = UserDefaultsExtensions.swift; sourceTree = "<group>"; };
		8ADBFCE31B34822DA9B876C8 /* Pods-CurrencyConverterTests.debug.xcconfig */ = {isa = PBXFileReference; includeInIndex = 1; lastKnownFileType = text.xcconfig; name = "Pods-CurrencyConverterTests.debug.xcconfig"; path = "Target Support Files/Pods-CurrencyConverterTests/Pods-CurrencyConverterTests.debug.xcconfig"; sourceTree = "<group>"; };
		9E5D59ACDD0B426D708EF8ED /* Pods-CurrencyConverter-CurrencyConverterTests.release.xcconfig */ = {isa = PBXFileReference; includeInIndex = 1; lastKnownFileType = text.xcconfig; name = "Pods-CurrencyConverter-CurrencyConverterTests.release.xcconfig"; path = "Target Support Files/Pods-CurrencyConverter-CurrencyConverterTests/Pods-CurrencyConverter-CurrencyConverterTests.release.xcconfig"; sourceTree = "<group>"; };
		A3199230A6776EC1C92039F0 /* Pods-CurrencyConverter.release.xcconfig */ = {isa = PBXFileReference; includeInIndex = 1; lastKnownFileType = text.xcconfig; name = "Pods-CurrencyConverter.release.xcconfig"; path = "Target Support Files/Pods-CurrencyConverter/Pods-CurrencyConverter.release.xcconfig"; sourceTree = "<group>"; };
		E7C8A19F58DB1A7AA1690848 /* Pods-CurrencyConverter.debug.xcconfig */ = {isa = PBXFileReference; includeInIndex = 1; lastKnownFileType = text.xcconfig; name = "Pods-CurrencyConverter.debug.xcconfig"; path = "Target Support Files/Pods-CurrencyConverter/Pods-CurrencyConverter.debug.xcconfig"; sourceTree = "<group>"; };
		FE3A041D068493B60CD16950 /* Pods_CurrencyConverter_CurrencyConverterTests.framework */ = {isa = PBXFileReference; explicitFileType = wrapper.framework; includeInIndex = 0; path = Pods_CurrencyConverter_CurrencyConverterTests.framework; sourceTree = BUILT_PRODUCTS_DIR; };
/* End PBXFileReference section */

/* Begin PBXFrameworksBuildPhase section */
		8919B3AF266BD5BB008F266D /* Frameworks */ = {
			isa = PBXFrameworksBuildPhase;
			buildActionMask = 2147483647;
			files = (
				AB5F9B06526988ABE9A772A9 /* Pods_CurrencyConverter.framework in Frameworks */,
			);
			runOnlyForDeploymentPostprocessing = 0;
		};
		8919B3C5266BD5BC008F266D /* Frameworks */ = {
			isa = PBXFrameworksBuildPhase;
			buildActionMask = 2147483647;
			files = (
				F42F09E41C9148767CE0AE51 /* Pods_CurrencyConverter_CurrencyConverterTests.framework in Frameworks */,
			);
			runOnlyForDeploymentPostprocessing = 0;
		};
		8919B3D0266BD5BC008F266D /* Frameworks */ = {
			isa = PBXFrameworksBuildPhase;
			buildActionMask = 2147483647;
			files = (
				3CDD3AA6A9D4CB53E58A082D /* Pods_CurrencyConverter_CurrencyConverterUITests.framework in Frameworks */,
			);
			runOnlyForDeploymentPostprocessing = 0;
		};
/* End PBXFrameworksBuildPhase section */

/* Begin PBXGroup section */
		3E97DF32172CE83EAB5AEA7C /* Pods */ = {
			isa = PBXGroup;
			children = (
				E7C8A19F58DB1A7AA1690848 /* Pods-CurrencyConverter.debug.xcconfig */,
				A3199230A6776EC1C92039F0 /* Pods-CurrencyConverter.release.xcconfig */,
				2FC8FD90852EA2D824BF2D07 /* Pods-CurrencyConverter-CurrencyConverterUITests.debug.xcconfig */,
				74D019202AEB640FA59D6C32 /* Pods-CurrencyConverter-CurrencyConverterUITests.release.xcconfig */,
				8ADBFCE31B34822DA9B876C8 /* Pods-CurrencyConverterTests.debug.xcconfig */,
				0F0D1EDD99C9F7AFEF2D325B /* Pods-CurrencyConverterTests.release.xcconfig */,
				096C8614F0F5AA221BBDDF7C /* Pods-CurrencyConverter-CurrencyConverterTests.debug.xcconfig */,
				9E5D59ACDD0B426D708EF8ED /* Pods-CurrencyConverter-CurrencyConverterTests.release.xcconfig */,
			);
			path = Pods;
			sourceTree = "<group>";
		};
		890B8150266D2326005D234D /* Resources */ = {
			isa = PBXGroup;
			children = (
				890B817326747546005D234D /* currencies.json */,
				8919B3BE266BD5BC008F266D /* Assets.xcassets */,
				890B8154266D233A005D234D /* Montserrat-Black.ttf */,
				890B8151266D233A005D234D /* Montserrat-Bold.ttf */,
				890B8153266D233A005D234D /* Montserrat-Medium.ttf */,
				890B8152266D233A005D234D /* Montserrat-Regular.ttf */,
			);
			path = Resources;
			sourceTree = "<group>";
		};
		890B815F26725BB6005D234D /* Theme */ = {
			isa = PBXGroup;
			children = (
				890B816426725CAB005D234D /* Theme.swift */,
				890B8166267264A3005D234D /* Color.swift */,
				890B816D2672A5B8005D234D /* UIImageExtensions.swift */,
			);
			path = Theme;
			sourceTree = "<group>";
		};
		890B816A267284BA005D234D /* CustomView */ = {
			isa = PBXGroup;
			children = (
				890B816226725C60005D234D /* View.swift */,
				890B816026725C15005D234D /* CurrencyTextField.swift */,
				890B816B26728DAD005D234D /* TextField.swift */,
			);
			path = CustomView;
			sourceTree = "<group>";
		};
		8919B3A9266BD5BB008F266D = {
			isa = PBXGroup;
			children = (
				8919B3B4266BD5BB008F266D /* CurrencyConverter */,
				8919B3CB266BD5BC008F266D /* CurrencyConverterTests */,
				8919B3D6266BD5BC008F266D /* CurrencyConverterUITests */,
				8919B3B3266BD5BB008F266D /* Products */,
				3E97DF32172CE83EAB5AEA7C /* Pods */,
				AF55937C7FE38AA4AAD9E492 /* Frameworks */,
			);
			sourceTree = "<group>";
		};
		8919B3B3266BD5BB008F266D /* Products */ = {
			isa = PBXGroup;
			children = (
				8919B3B2266BD5BB008F266D /* CurrencyConverter.app */,
				8919B3C8266BD5BC008F266D /* CurrencyConverterTests.xctest */,
				8919B3D3266BD5BC008F266D /* CurrencyConverterUITests.xctest */,
			);
			name = Products;
			sourceTree = "<group>";
		};
		8919B3B4266BD5BB008F266D /* CurrencyConverter */ = {
			isa = PBXGroup;
			children = (
				890B816A267284BA005D234D /* CustomView */,
				890B815F26725BB6005D234D /* Theme */,
				890B8150266D2326005D234D /* Resources */,
				893DB13B266CEB70007AC9CE /* Utils */,
				893DB12E266CDE87007AC9CE /* Service */,
				893DB11E266CD27F007AC9CE /* Base */,
				893DB0F6266CD098007AC9CE /* Modules */,
				8919B3B5266BD5BB008F266D /* AppDelegate.swift */,
				890B8147266D0F39005D234D /* SceneDelegate.swift */,
				890B814E266D2134005D234D /* R.generated.swift */,
				8919B3C0266BD5BC008F266D /* LaunchScreen.storyboard */,
				8919B3C3266BD5BC008F266D /* Info.plist */,
				890B815D26725B75005D234D /* Podfile */,
			);
			path = CurrencyConverter;
			sourceTree = "<group>";
		};
		8919B3CB266BD5BC008F266D /* CurrencyConverterTests */ = {
			isa = PBXGroup;
			children = (
				8919B3CC266BD5BC008F266D /* CurrencyConverterTests.swift */,
				8919B3CE266BD5BC008F266D /* Info.plist */,
			);
			path = CurrencyConverterTests;
			sourceTree = "<group>";
		};
		8919B3D6266BD5BC008F266D /* CurrencyConverterUITests */ = {
			isa = PBXGroup;
			children = (
				8919B3D7266BD5BC008F266D /* CurrencyConverterUITests.swift */,
				8919B3D9266BD5BC008F266D /* Info.plist */,
			);
			path = CurrencyConverterUITests;
			sourceTree = "<group>";
		};
		89310E7B267480FB00017FEE /* CurrencySelect */ = {
			isa = PBXGroup;
			children = (
				89310E7F2674816D00017FEE /* CurrencySelectContract.swift */,
				89310E802674816D00017FEE /* CurrencySelectViewController.swift */,
				89310E7E2674816D00017FEE /* CurrencySelectPresenter.swift */,
				89310E7C2674816D00017FEE /* CurrencySelectInteractor.swift */,
				89310E7D2674816D00017FEE /* CurrencySelectRouter.swift */,
				89310E8E2675A1CF00017FEE /* CurrencyCell.swift */,
			);
			path = CurrencySelect;
			sourceTree = "<group>";
		};
		893DB0F6266CD098007AC9CE /* Modules */ = {
			isa = PBXGroup;
			children = (
				89310E7B267480FB00017FEE /* CurrencySelect */,
				893DB125266CDA6E007AC9CE /* Protocols */,
				893DB0F7266CD098007AC9CE /* Converter */,
			);
			path = Modules;
			sourceTree = "<group>";
		};
		893DB0F7266CD098007AC9CE /* Converter */ = {
			isa = PBXGroup;
			children = (
				893DB10D266CD1D1007AC9CE /* ConverterContract.swift */,
				893DB113266CD1D1007AC9CE /* ConverterViewController.swift */,
				893DB10F266CD1D1007AC9CE /* ConverterPresenter.swift */,
				893DB10B266CD1D1007AC9CE /* ConverterInteractor.swift */,
				893DB111266CD1D1007AC9CE /* ConverterRouter.swift */,
				890B817726747748005D234D /* CurrencyData.swift */,
			);
			path = Converter;
			sourceTree = "<group>";
		};
		893DB11E266CD27F007AC9CE /* Base */ = {
			isa = PBXGroup;
			children = (
				893DB11F266CD290007AC9CE /* BaseViewController.swift */,
			);
			path = Base;
			sourceTree = "<group>";
		};
		893DB125266CDA6E007AC9CE /* Protocols */ = {
			isa = PBXGroup;
			children = (
				893DB129266CDA6E007AC9CE /* ViewProtocol.swift */,
				893DB126266CDA6E007AC9CE /* InteractorProtocol.swift */,
				893DB127266CDA6E007AC9CE /* PresenterProtocol.swift */,
				893DB128266CDA6E007AC9CE /* RouterProtocol.swift */,
			);
			path = Protocols;
			sourceTree = "<group>";
		};
		893DB12E266CDE87007AC9CE /* Service */ = {
			isa = PBXGroup;
			children = (
				893DB137266CE1CF007AC9CE /* Service.swift */,
				893DB12F266CDE9B007AC9CE /* CurrencyLayerService.swift */,
				893DB139266CE4EA007AC9CE /* Scheduler.swift */,
			);
			path = Service;
			sourceTree = "<group>";
		};
		893DB13B266CEB70007AC9CE /* Utils */ = {
			isa = PBXGroup;
			children = (
				893DB13C266CEB7E007AC9CE /* Persistent.swift */,
				893DB13E266CEC59007AC9CE /* UserDefaultsExtensions.swift */,
				890B8159266D2789005D234D /* RxSwiftExtensions.swift */,
				890B817526747610005D234D /* Error.swift */,
				89310E862674A11600017FEE /* StringExtensions.swift */,
				89310E882674A79B00017FEE /* UINavigationControllerExtensions.swift */,
				89310E8A2674AA4400017FEE /* UIViewExtensions.swift */,
				89310E8C2674B78600017FEE /* KeyboardFollower.swift */,
			);
			path = Utils;
			sourceTree = "<group>";
		};
		AF55937C7FE38AA4AAD9E492 /* Frameworks */ = {
			isa = PBXGroup;
			children = (
				79D502874D4C1930B7FC4807 /* Pods_CurrencyConverter.framework */,
				85DCFAC81381679BA0D76246 /* Pods_CurrencyConverter_CurrencyConverterUITests.framework */,
				FE3A041D068493B60CD16950 /* Pods_CurrencyConverter_CurrencyConverterTests.framework */,
			);
			name = Frameworks;
			sourceTree = "<group>";
		};
/* End PBXGroup section */

/* Begin PBXNativeTarget section */
		8919B3B1266BD5BB008F266D /* CurrencyConverter */ = {
			isa = PBXNativeTarget;
			buildConfigurationList = 8919B3DC266BD5BC008F266D /* Build configuration list for PBXNativeTarget "CurrencyConverter" */;
			buildPhases = (
				57CB16F4ED30375C0BD23D01 /* [CP] Check Pods Manifest.lock */,
				890B814D266D2054005D234D /* Build R.Swift */,
				8919B3AE266BD5BB008F266D /* Sources */,
				8919B3AF266BD5BB008F266D /* Frameworks */,
				8919B3B0266BD5BB008F266D /* Resources */,
				154216F1D9572D4547D923C5 /* [CP] Embed Pods Frameworks */,
			);
			buildRules = (
			);
			dependencies = (
			);
			name = CurrencyConverter;
			productName = CurrencyConverter;
			productReference = 8919B3B2266BD5BB008F266D /* CurrencyConverter.app */;
			productType = "com.apple.product-type.application";
		};
		8919B3C7266BD5BC008F266D /* CurrencyConverterTests */ = {
			isa = PBXNativeTarget;
			buildConfigurationList = 8919B3DF266BD5BC008F266D /* Build configuration list for PBXNativeTarget "CurrencyConverterTests" */;
			buildPhases = (
				758C1F678F5DC07A9EABA764 /* [CP] Check Pods Manifest.lock */,
				8919B3C4266BD5BC008F266D /* Sources */,
				8919B3C5266BD5BC008F266D /* Frameworks */,
				8919B3C6266BD5BC008F266D /* Resources */,
				442AE7AC1127D3575C47744F /* [CP] Embed Pods Frameworks */,
			);
			buildRules = (
			);
			dependencies = (
				8919B3CA266BD5BC008F266D /* PBXTargetDependency */,
			);
			name = CurrencyConverterTests;
			productName = CurrencyConverterTests;
			productReference = 8919B3C8266BD5BC008F266D /* CurrencyConverterTests.xctest */;
			productType = "com.apple.product-type.bundle.unit-test";
		};
		8919B3D2266BD5BC008F266D /* CurrencyConverterUITests */ = {
			isa = PBXNativeTarget;
			buildConfigurationList = 8919B3E2266BD5BC008F266D /* Build configuration list for PBXNativeTarget "CurrencyConverterUITests" */;
			buildPhases = (
				E8636709F2D5D09FA47306B1 /* [CP] Check Pods Manifest.lock */,
				8919B3CF266BD5BC008F266D /* Sources */,
				8919B3D0266BD5BC008F266D /* Frameworks */,
				8919B3D1266BD5BC008F266D /* Resources */,
				21B5D82A3665B0D848B27C4C /* [CP] Embed Pods Frameworks */,
			);
			buildRules = (
			);
			dependencies = (
				8919B3D5266BD5BC008F266D /* PBXTargetDependency */,
			);
			name = CurrencyConverterUITests;
			productName = CurrencyConverterUITests;
			productReference = 8919B3D3266BD5BC008F266D /* CurrencyConverterUITests.xctest */;
			productType = "com.apple.product-type.bundle.ui-testing";
		};
/* End PBXNativeTarget section */

/* Begin PBXProject section */
		8919B3AA266BD5BB008F266D /* Project object */ = {
			isa = PBXProject;
			attributes = {
				LastSwiftUpdateCheck = 1250;
				LastUpgradeCheck = 1250;
				TargetAttributes = {
					8919B3B1266BD5BB008F266D = {
						CreatedOnToolsVersion = 12.5;
					};
					8919B3C7266BD5BC008F266D = {
						CreatedOnToolsVersion = 12.5;
						TestTargetID = 8919B3B1266BD5BB008F266D;
					};
					8919B3D2266BD5BC008F266D = {
						CreatedOnToolsVersion = 12.5;
						TestTargetID = 8919B3B1266BD5BB008F266D;
					};
				};
			};
			buildConfigurationList = 8919B3AD266BD5BB008F266D /* Build configuration list for PBXProject "CurrencyConverter" */;
			compatibilityVersion = "Xcode 9.3";
			developmentRegion = en;
			hasScannedForEncodings = 0;
			knownRegions = (
				en,
				Base,
			);
			mainGroup = 8919B3A9266BD5BB008F266D;
			productRefGroup = 8919B3B3266BD5BB008F266D /* Products */;
			projectDirPath = "";
			projectRoot = "";
			targets = (
				8919B3B1266BD5BB008F266D /* CurrencyConverter */,
				8919B3C7266BD5BC008F266D /* CurrencyConverterTests */,
				8919B3D2266BD5BC008F266D /* CurrencyConverterUITests */,
			);
		};
/* End PBXProject section */

/* Begin PBXResourcesBuildPhase section */
		8919B3B0266BD5BB008F266D /* Resources */ = {
			isa = PBXResourcesBuildPhase;
			buildActionMask = 2147483647;
			files = (
				890B8156266D233A005D234D /* Montserrat-Regular.ttf in Resources */,
				890B8157266D233A005D234D /* Montserrat-Medium.ttf in Resources */,
				890B817426747546005D234D /* currencies.json in Resources */,
				8919B3C2266BD5BC008F266D /* LaunchScreen.storyboard in Resources */,
				8919B3BF266BD5BC008F266D /* Assets.xcassets in Resources */,
				890B8155266D233A005D234D /* Montserrat-Bold.ttf in Resources */,
				890B815E26725B75005D234D /* Podfile in Resources */,
				890B8158266D233A005D234D /* Montserrat-Black.ttf in Resources */,
			);
			runOnlyForDeploymentPostprocessing = 0;
		};
		8919B3C6266BD5BC008F266D /* Resources */ = {
			isa = PBXResourcesBuildPhase;
			buildActionMask = 2147483647;
			files = (
			);
			runOnlyForDeploymentPostprocessing = 0;
		};
		8919B3D1266BD5BC008F266D /* Resources */ = {
			isa = PBXResourcesBuildPhase;
			buildActionMask = 2147483647;
			files = (
			);
			runOnlyForDeploymentPostprocessing = 0;
		};
/* End PBXResourcesBuildPhase section */

/* Begin PBXShellScriptBuildPhase section */
		154216F1D9572D4547D923C5 /* [CP] Embed Pods Frameworks */ = {
			isa = PBXShellScriptBuildPhase;
			buildActionMask = 2147483647;
			files = (
			);
			inputFileListPaths = (
				"${PODS_ROOT}/Target Support Files/Pods-CurrencyConverter/Pods-CurrencyConverter-frameworks-${CONFIGURATION}-input-files.xcfilelist",
			);
			name = "[CP] Embed Pods Frameworks";
			outputFileListPaths = (
				"${PODS_ROOT}/Target Support Files/Pods-CurrencyConverter/Pods-CurrencyConverter-frameworks-${CONFIGURATION}-output-files.xcfilelist",
			);
			runOnlyForDeploymentPostprocessing = 0;
			shellPath = /bin/sh;
			shellScript = "\"${PODS_ROOT}/Target Support Files/Pods-CurrencyConverter/Pods-CurrencyConverter-frameworks.sh\"\n";
			showEnvVarsInLog = 0;
		};
		21B5D82A3665B0D848B27C4C /* [CP] Embed Pods Frameworks */ = {
			isa = PBXShellScriptBuildPhase;
			buildActionMask = 2147483647;
			files = (
			);
			inputFileListPaths = (
				"${PODS_ROOT}/Target Support Files/Pods-CurrencyConverter-CurrencyConverterUITests/Pods-CurrencyConverter-CurrencyConverterUITests-frameworks-${CONFIGURATION}-input-files.xcfilelist",
			);
			name = "[CP] Embed Pods Frameworks";
			outputFileListPaths = (
				"${PODS_ROOT}/Target Support Files/Pods-CurrencyConverter-CurrencyConverterUITests/Pods-CurrencyConverter-CurrencyConverterUITests-frameworks-${CONFIGURATION}-output-files.xcfilelist",
			);
			runOnlyForDeploymentPostprocessing = 0;
			shellPath = /bin/sh;
			shellScript = "\"${PODS_ROOT}/Target Support Files/Pods-CurrencyConverter-CurrencyConverterUITests/Pods-CurrencyConverter-CurrencyConverterUITests-frameworks.sh\"\n";
			showEnvVarsInLog = 0;
		};
		442AE7AC1127D3575C47744F /* [CP] Embed Pods Frameworks */ = {
			isa = PBXShellScriptBuildPhase;
			buildActionMask = 2147483647;
			files = (
			);
			inputFileListPaths = (
				"${PODS_ROOT}/Target Support Files/Pods-CurrencyConverter-CurrencyConverterTests/Pods-CurrencyConverter-CurrencyConverterTests-frameworks-${CONFIGURATION}-input-files.xcfilelist",
			);
			name = "[CP] Embed Pods Frameworks";
			outputFileListPaths = (
				"${PODS_ROOT}/Target Support Files/Pods-CurrencyConverter-CurrencyConverterTests/Pods-CurrencyConverter-CurrencyConverterTests-frameworks-${CONFIGURATION}-output-files.xcfilelist",
			);
			runOnlyForDeploymentPostprocessing = 0;
			shellPath = /bin/sh;
			shellScript = "\"${PODS_ROOT}/Target Support Files/Pods-CurrencyConverter-CurrencyConverterTests/Pods-CurrencyConverter-CurrencyConverterTests-frameworks.sh\"\n";
			showEnvVarsInLog = 0;
		};
		57CB16F4ED30375C0BD23D01 /* [CP] Check Pods Manifest.lock */ = {
			isa = PBXShellScriptBuildPhase;
			buildActionMask = 2147483647;
			files = (
			);
			inputFileListPaths = (
			);
			inputPaths = (
				"${PODS_PODFILE_DIR_PATH}/Podfile.lock",
				"${PODS_ROOT}/Manifest.lock",
			);
			name = "[CP] Check Pods Manifest.lock";
			outputFileListPaths = (
			);
			outputPaths = (
				"$(DERIVED_FILE_DIR)/Pods-CurrencyConverter-checkManifestLockResult.txt",
			);
			runOnlyForDeploymentPostprocessing = 0;
			shellPath = /bin/sh;
			shellScript = "diff \"${PODS_PODFILE_DIR_PATH}/Podfile.lock\" \"${PODS_ROOT}/Manifest.lock\" > /dev/null\nif [ $? != 0 ] ; then\n    # print error to STDERR\n    echo \"error: The sandbox is not in sync with the Podfile.lock. Run 'pod install' or update your CocoaPods installation.\" >&2\n    exit 1\nfi\n# This output is used by Xcode 'outputs' to avoid re-running this script phase.\necho \"SUCCESS\" > \"${SCRIPT_OUTPUT_FILE_0}\"\n";
			showEnvVarsInLog = 0;
		};
		758C1F678F5DC07A9EABA764 /* [CP] Check Pods Manifest.lock */ = {
			isa = PBXShellScriptBuildPhase;
			buildActionMask = 2147483647;
			files = (
			);
			inputFileListPaths = (
			);
			inputPaths = (
				"${PODS_PODFILE_DIR_PATH}/Podfile.lock",
				"${PODS_ROOT}/Manifest.lock",
			);
			name = "[CP] Check Pods Manifest.lock";
			outputFileListPaths = (
			);
			outputPaths = (
				"$(DERIVED_FILE_DIR)/Pods-CurrencyConverter-CurrencyConverterTests-checkManifestLockResult.txt",
			);
			runOnlyForDeploymentPostprocessing = 0;
			shellPath = /bin/sh;
			shellScript = "diff \"${PODS_PODFILE_DIR_PATH}/Podfile.lock\" \"${PODS_ROOT}/Manifest.lock\" > /dev/null\nif [ $? != 0 ] ; then\n    # print error to STDERR\n    echo \"error: The sandbox is not in sync with the Podfile.lock. Run 'pod install' or update your CocoaPods installation.\" >&2\n    exit 1\nfi\n# This output is used by Xcode 'outputs' to avoid re-running this script phase.\necho \"SUCCESS\" > \"${SCRIPT_OUTPUT_FILE_0}\"\n";
			showEnvVarsInLog = 0;
		};
		890B814D266D2054005D234D /* Build R.Swift */ = {
			isa = PBXShellScriptBuildPhase;
			buildActionMask = 2147483647;
			files = (
			);
			inputFileListPaths = (
			);
			inputPaths = (
				"$TEMP_DIR/rswift-lastrun",
			);
			name = "Build R.Swift";
			outputFileListPaths = (
			);
			outputPaths = (
				$SRCROOT/R.generated.swift,
			);
			runOnlyForDeploymentPostprocessing = 0;
			shellPath = /bin/sh;
			shellScript = "# Type a script or drag a script file from your workspace to insert its path.\n\"$PODS_ROOT/R.swift/rswift\" generate \"$SRCROOT/R.generated.swift\"\n";
		};
		E8636709F2D5D09FA47306B1 /* [CP] Check Pods Manifest.lock */ = {
			isa = PBXShellScriptBuildPhase;
			buildActionMask = 2147483647;
			files = (
			);
			inputFileListPaths = (
			);
			inputPaths = (
				"${PODS_PODFILE_DIR_PATH}/Podfile.lock",
				"${PODS_ROOT}/Manifest.lock",
			);
			name = "[CP] Check Pods Manifest.lock";
			outputFileListPaths = (
			);
			outputPaths = (
				"$(DERIVED_FILE_DIR)/Pods-CurrencyConverter-CurrencyConverterUITests-checkManifestLockResult.txt",
			);
			runOnlyForDeploymentPostprocessing = 0;
			shellPath = /bin/sh;
			shellScript = "diff \"${PODS_PODFILE_DIR_PATH}/Podfile.lock\" \"${PODS_ROOT}/Manifest.lock\" > /dev/null\nif [ $? != 0 ] ; then\n    # print error to STDERR\n    echo \"error: The sandbox is not in sync with the Podfile.lock. Run 'pod install' or update your CocoaPods installation.\" >&2\n    exit 1\nfi\n# This output is used by Xcode 'outputs' to avoid re-running this script phase.\necho \"SUCCESS\" > \"${SCRIPT_OUTPUT_FILE_0}\"\n";
			showEnvVarsInLog = 0;
		};
/* End PBXShellScriptBuildPhase section */

/* Begin PBXSourcesBuildPhase section */
		8919B3AE266BD5BB008F266D /* Sources */ = {
			isa = PBXSourcesBuildPhase;
			buildActionMask = 2147483647;
			files = (
				893DB118266CD1D1007AC9CE /* ConverterPresenter.swift in Sources */,
				893DB117266CD1D1007AC9CE /* ConverterContract.swift in Sources */,
				89310E8F2675A1CF00017FEE /* CurrencyCell.swift in Sources */,
				890B8167267264A3005D234D /* Color.swift in Sources */,
				89310E852674816D00017FEE /* CurrencySelectViewController.swift in Sources */,
				89310E812674816D00017FEE /* CurrencySelectInteractor.swift in Sources */,
				890B816C26728DAD005D234D /* TextField.swift in Sources */,
				89310E872674A11600017FEE /* StringExtensions.swift in Sources */,
				893DB13F266CEC59007AC9CE /* UserDefaultsExtensions.swift in Sources */,
				893DB138266CE1CF007AC9CE /* Service.swift in Sources */,
				893DB12A266CDA6E007AC9CE /* InteractorProtocol.swift in Sources */,
				890B816326725C60005D234D /* View.swift in Sources */,
				89310E822674816D00017FEE /* CurrencySelectRouter.swift in Sources */,
				893DB119266CD1D1007AC9CE /* ConverterRouter.swift in Sources */,
				893DB12D266CDA6E007AC9CE /* ViewProtocol.swift in Sources */,
				890B8148266D0F39005D234D /* SceneDelegate.swift in Sources */,
				893DB12C266CDA6E007AC9CE /* RouterProtocol.swift in Sources */,
				893DB12B266CDA6E007AC9CE /* PresenterProtocol.swift in Sources */,
				893DB11A266CD1D1007AC9CE /* ConverterViewController.swift in Sources */,
				890B814F266D2134005D234D /* R.generated.swift in Sources */,
				89310E832674816D00017FEE /* CurrencySelectPresenter.swift in Sources */,
				893DB13A266CE4EA007AC9CE /* Scheduler.swift in Sources */,
				89310E842674816D00017FEE /* CurrencySelectContract.swift in Sources */,
				890B817626747610005D234D /* Error.swift in Sources */,
				893DB130266CDE9B007AC9CE /* CurrencyLayerService.swift in Sources */,
				89310E892674A79B00017FEE /* UINavigationControllerExtensions.swift in Sources */,
				89310E8B2674AA4400017FEE /* UIViewExtensions.swift in Sources */,
				890B817826747748005D234D /* CurrencyData.swift in Sources */,
				890B816E2672A5B8005D234D /* UIImageExtensions.swift in Sources */,
				89310E8D2674B78600017FEE /* KeyboardFollower.swift in Sources */,
				890B815A266D2789005D234D /* RxSwiftExtensions.swift in Sources */,
				8919B3B6266BD5BB008F266D /* AppDelegate.swift in Sources */,
				890B816526725CAC005D234D /* Theme.swift in Sources */,
				893DB120266CD290007AC9CE /* BaseViewController.swift in Sources */,
				893DB13D266CEB7E007AC9CE /* Persistent.swift in Sources */,
				890B816126725C15005D234D /* CurrencyTextField.swift in Sources */,
				893DB116266CD1D1007AC9CE /* ConverterInteractor.swift in Sources */,
			);
			runOnlyForDeploymentPostprocessing = 0;
		};
		8919B3C4266BD5BC008F266D /* Sources */ = {
			isa = PBXSourcesBuildPhase;
			buildActionMask = 2147483647;
			files = (
				8919B3CD266BD5BC008F266D /* CurrencyConverterTests.swift in Sources */,
			);
			runOnlyForDeploymentPostprocessing = 0;
		};
		8919B3CF266BD5BC008F266D /* Sources */ = {
			isa = PBXSourcesBuildPhase;
			buildActionMask = 2147483647;
			files = (
				8919B3D8266BD5BC008F266D /* CurrencyConverterUITests.swift in Sources */,
			);
			runOnlyForDeploymentPostprocessing = 0;
		};
/* End PBXSourcesBuildPhase section */

/* Begin PBXTargetDependency section */
		8919B3CA266BD5BC008F266D /* PBXTargetDependency */ = {
			isa = PBXTargetDependency;
			target = 8919B3B1266BD5BB008F266D /* CurrencyConverter */;
			targetProxy = 8919B3C9266BD5BC008F266D /* PBXContainerItemProxy */;
		};
		8919B3D5266BD5BC008F266D /* PBXTargetDependency */ = {
			isa = PBXTargetDependency;
			target = 8919B3B1266BD5BB008F266D /* CurrencyConverter */;
			targetProxy = 8919B3D4266BD5BC008F266D /* PBXContainerItemProxy */;
		};
/* End PBXTargetDependency section */

/* Begin PBXVariantGroup section */
		8919B3C0266BD5BC008F266D /* LaunchScreen.storyboard */ = {
			isa = PBXVariantGroup;
			children = (
				8919B3C1266BD5BC008F266D /* Base */,
			);
			name = LaunchScreen.storyboard;
			sourceTree = "<group>";
		};
/* End PBXVariantGroup section */

/* Begin XCBuildConfiguration section */
		8919B3DA266BD5BC008F266D /* Debug */ = {
			isa = XCBuildConfiguration;
			buildSettings = {
				ALWAYS_SEARCH_USER_PATHS = NO;
				CLANG_ANALYZER_NONNULL = YES;
				CLANG_ANALYZER_NUMBER_OBJECT_CONVERSION = YES_AGGRESSIVE;
				CLANG_CXX_LANGUAGE_STANDARD = "gnu++14";
				CLANG_CXX_LIBRARY = "libc++";
				CLANG_ENABLE_MODULES = YES;
				CLANG_ENABLE_OBJC_ARC = YES;
				CLANG_ENABLE_OBJC_WEAK = YES;
				CLANG_WARN_BLOCK_CAPTURE_AUTORELEASING = YES;
				CLANG_WARN_BOOL_CONVERSION = YES;
				CLANG_WARN_COMMA = YES;
				CLANG_WARN_CONSTANT_CONVERSION = YES;
				CLANG_WARN_DEPRECATED_OBJC_IMPLEMENTATIONS = YES;
				CLANG_WARN_DIRECT_OBJC_ISA_USAGE = YES_ERROR;
				CLANG_WARN_DOCUMENTATION_COMMENTS = YES;
				CLANG_WARN_EMPTY_BODY = YES;
				CLANG_WARN_ENUM_CONVERSION = YES;
				CLANG_WARN_INFINITE_RECURSION = YES;
				CLANG_WARN_INT_CONVERSION = YES;
				CLANG_WARN_NON_LITERAL_NULL_CONVERSION = YES;
				CLANG_WARN_OBJC_IMPLICIT_RETAIN_SELF = YES;
				CLANG_WARN_OBJC_LITERAL_CONVERSION = YES;
				CLANG_WARN_OBJC_ROOT_CLASS = YES_ERROR;
				CLANG_WARN_QUOTED_INCLUDE_IN_FRAMEWORK_HEADER = YES;
				CLANG_WARN_RANGE_LOOP_ANALYSIS = YES;
				CLANG_WARN_STRICT_PROTOTYPES = YES;
				CLANG_WARN_SUSPICIOUS_MOVE = YES;
				CLANG_WARN_UNGUARDED_AVAILABILITY = YES_AGGRESSIVE;
				CLANG_WARN_UNREACHABLE_CODE = YES;
				CLANG_WARN__DUPLICATE_METHOD_MATCH = YES;
				COPY_PHASE_STRIP = NO;
				DEBUG_INFORMATION_FORMAT = dwarf;
				ENABLE_STRICT_OBJC_MSGSEND = YES;
				ENABLE_TESTABILITY = YES;
				GCC_C_LANGUAGE_STANDARD = gnu11;
				GCC_DYNAMIC_NO_PIC = NO;
				GCC_NO_COMMON_BLOCKS = YES;
				GCC_OPTIMIZATION_LEVEL = 0;
				GCC_PREPROCESSOR_DEFINITIONS = (
					"DEBUG=1",
					"$(inherited)",
				);
				GCC_WARN_64_TO_32_BIT_CONVERSION = YES;
				GCC_WARN_ABOUT_RETURN_TYPE = YES_ERROR;
				GCC_WARN_UNDECLARED_SELECTOR = YES;
				GCC_WARN_UNINITIALIZED_AUTOS = YES_AGGRESSIVE;
				GCC_WARN_UNUSED_FUNCTION = YES;
				GCC_WARN_UNUSED_VARIABLE = YES;
				IPHONEOS_DEPLOYMENT_TARGET = 14.5;
				MTL_ENABLE_DEBUG_INFO = INCLUDE_SOURCE;
				MTL_FAST_MATH = YES;
				ONLY_ACTIVE_ARCH = YES;
				SDKROOT = iphoneos;
				SWIFT_ACTIVE_COMPILATION_CONDITIONS = DEBUG;
				SWIFT_OPTIMIZATION_LEVEL = "-Onone";
			};
			name = Debug;
		};
		8919B3DB266BD5BC008F266D /* Release */ = {
			isa = XCBuildConfiguration;
			buildSettings = {
				ALWAYS_SEARCH_USER_PATHS = NO;
				CLANG_ANALYZER_NONNULL = YES;
				CLANG_ANALYZER_NUMBER_OBJECT_CONVERSION = YES_AGGRESSIVE;
				CLANG_CXX_LANGUAGE_STANDARD = "gnu++14";
				CLANG_CXX_LIBRARY = "libc++";
				CLANG_ENABLE_MODULES = YES;
				CLANG_ENABLE_OBJC_ARC = YES;
				CLANG_ENABLE_OBJC_WEAK = YES;
				CLANG_WARN_BLOCK_CAPTURE_AUTORELEASING = YES;
				CLANG_WARN_BOOL_CONVERSION = YES;
				CLANG_WARN_COMMA = YES;
				CLANG_WARN_CONSTANT_CONVERSION = YES;
				CLANG_WARN_DEPRECATED_OBJC_IMPLEMENTATIONS = YES;
				CLANG_WARN_DIRECT_OBJC_ISA_USAGE = YES_ERROR;
				CLANG_WARN_DOCUMENTATION_COMMENTS = YES;
				CLANG_WARN_EMPTY_BODY = YES;
				CLANG_WARN_ENUM_CONVERSION = YES;
				CLANG_WARN_INFINITE_RECURSION = YES;
				CLANG_WARN_INT_CONVERSION = YES;
				CLANG_WARN_NON_LITERAL_NULL_CONVERSION = YES;
				CLANG_WARN_OBJC_IMPLICIT_RETAIN_SELF = YES;
				CLANG_WARN_OBJC_LITERAL_CONVERSION = YES;
				CLANG_WARN_OBJC_ROOT_CLASS = YES_ERROR;
				CLANG_WARN_QUOTED_INCLUDE_IN_FRAMEWORK_HEADER = YES;
				CLANG_WARN_RANGE_LOOP_ANALYSIS = YES;
				CLANG_WARN_STRICT_PROTOTYPES = YES;
				CLANG_WARN_SUSPICIOUS_MOVE = YES;
				CLANG_WARN_UNGUARDED_AVAILABILITY = YES_AGGRESSIVE;
				CLANG_WARN_UNREACHABLE_CODE = YES;
				CLANG_WARN__DUPLICATE_METHOD_MATCH = YES;
				COPY_PHASE_STRIP = NO;
				DEBUG_INFORMATION_FORMAT = "dwarf-with-dsym";
				ENABLE_NS_ASSERTIONS = NO;
				ENABLE_STRICT_OBJC_MSGSEND = YES;
				GCC_C_LANGUAGE_STANDARD = gnu11;
				GCC_NO_COMMON_BLOCKS = YES;
				GCC_WARN_64_TO_32_BIT_CONVERSION = YES;
				GCC_WARN_ABOUT_RETURN_TYPE = YES_ERROR;
				GCC_WARN_UNDECLARED_SELECTOR = YES;
				GCC_WARN_UNINITIALIZED_AUTOS = YES_AGGRESSIVE;
				GCC_WARN_UNUSED_FUNCTION = YES;
				GCC_WARN_UNUSED_VARIABLE = YES;
				IPHONEOS_DEPLOYMENT_TARGET = 14.5;
				MTL_ENABLE_DEBUG_INFO = NO;
				MTL_FAST_MATH = YES;
				SDKROOT = iphoneos;
				SWIFT_COMPILATION_MODE = wholemodule;
				SWIFT_OPTIMIZATION_LEVEL = "-O";
				VALIDATE_PRODUCT = YES;
			};
			name = Release;
		};
		8919B3DD266BD5BC008F266D /* Debug */ = {
			isa = XCBuildConfiguration;
			baseConfigurationReference = E7C8A19F58DB1A7AA1690848 /* Pods-CurrencyConverter.debug.xcconfig */;
			buildSettings = {
				ASSETCATALOG_COMPILER_APPICON_NAME = AppIcon;
				ASSETCATALOG_COMPILER_GLOBAL_ACCENT_COLOR_NAME = AccentColor;
				CODE_SIGN_STYLE = Automatic;
				DEVELOPMENT_TEAM = 23ZD3A5B8M;
				INFOPLIST_FILE = CurrencyConverter/Info.plist;
				IPHONEOS_DEPLOYMENT_TARGET = 11.0;
				LD_RUNPATH_SEARCH_PATHS = (
					"$(inherited)",
					"@executable_path/Frameworks",
				);
				PRODUCT_BUNDLE_IDENTIFIER = com.lu.corp.CurrencyConverter;
				PRODUCT_NAME = "$(TARGET_NAME)";
				SWIFT_VERSION = 5.0;
				TARGETED_DEVICE_FAMILY = "1,2";
			};
			name = Debug;
		};
		8919B3DE266BD5BC008F266D /* Release */ = {
			isa = XCBuildConfiguration;
			baseConfigurationReference = A3199230A6776EC1C92039F0 /* Pods-CurrencyConverter.release.xcconfig */;
			buildSettings = {
				ASSETCATALOG_COMPILER_APPICON_NAME = AppIcon;
				ASSETCATALOG_COMPILER_GLOBAL_ACCENT_COLOR_NAME = AccentColor;
				CODE_SIGN_STYLE = Automatic;
				DEVELOPMENT_TEAM = 23ZD3A5B8M;
				INFOPLIST_FILE = CurrencyConverter/Info.plist;
				IPHONEOS_DEPLOYMENT_TARGET = 11.0;
				LD_RUNPATH_SEARCH_PATHS = (
					"$(inherited)",
					"@executable_path/Frameworks",
				);
				PRODUCT_BUNDLE_IDENTIFIER = com.lu.corp.CurrencyConverter;
				PRODUCT_NAME = "$(TARGET_NAME)";
				SWIFT_VERSION = 5.0;
				TARGETED_DEVICE_FAMILY = "1,2";
			};
			name = Release;
		};
		8919B3E0266BD5BC008F266D /* Debug */ = {
			isa = XCBuildConfiguration;
			baseConfigurationReference = 096C8614F0F5AA221BBDDF7C /* Pods-CurrencyConverter-CurrencyConverterTests.debug.xcconfig */;
			buildSettings = {
				ALWAYS_EMBED_SWIFT_STANDARD_LIBRARIES = YES;
				BUNDLE_LOADER = "$(TEST_HOST)";
				CODE_SIGN_STYLE = Automatic;
				DEVELOPMENT_TEAM = 23ZD3A5B8M;
				INFOPLIST_FILE = CurrencyConverterTests/Info.plist;
				IPHONEOS_DEPLOYMENT_TARGET = 14.5;
				LD_RUNPATH_SEARCH_PATHS = (
					"$(inherited)",
					"@executable_path/Frameworks",
					"@loader_path/Frameworks",
				);
				PRODUCT_BUNDLE_IDENTIFIER = com.lu.corp.CurrencyConverterTests;
				PRODUCT_NAME = "$(TARGET_NAME)";
				SWIFT_VERSION = 5.0;
				TARGETED_DEVICE_FAMILY = "1,2";
				TEST_HOST = "$(BUILT_PRODUCTS_DIR)/CurrencyConverter.app/CurrencyConverter";
			};
			name = Debug;
		};
		8919B3E1266BD5BC008F266D /* Release */ = {
			isa = XCBuildConfiguration;
			baseConfigurationReference = 9E5D59ACDD0B426D708EF8ED /* Pods-CurrencyConverter-CurrencyConverterTests.release.xcconfig */;
			buildSettings = {
				ALWAYS_EMBED_SWIFT_STANDARD_LIBRARIES = YES;
				BUNDLE_LOADER = "$(TEST_HOST)";
				CODE_SIGN_STYLE = Automatic;
				DEVELOPMENT_TEAM = 23ZD3A5B8M;
				INFOPLIST_FILE = CurrencyConverterTests/Info.plist;
				IPHONEOS_DEPLOYMENT_TARGET = 14.5;
				LD_RUNPATH_SEARCH_PATHS = (
					"$(inherited)",
					"@executable_path/Frameworks",
					"@loader_path/Frameworks",
				);
				PRODUCT_BUNDLE_IDENTIFIER = com.lu.corp.CurrencyConverterTests;
				PRODUCT_NAME = "$(TARGET_NAME)";
				SWIFT_VERSION = 5.0;
				TARGETED_DEVICE_FAMILY = "1,2";
				TEST_HOST = "$(BUILT_PRODUCTS_DIR)/CurrencyConverter.app/CurrencyConverter";
			};
			name = Release;
		};
		8919B3E3266BD5BC008F266D /* Debug */ = {
			isa = XCBuildConfiguration;
			baseConfigurationReference = 2FC8FD90852EA2D824BF2D07 /* Pods-CurrencyConverter-CurrencyConverterUITests.debug.xcconfig */;
			buildSettings = {
				ALWAYS_EMBED_SWIFT_STANDARD_LIBRARIES = YES;
				CODE_SIGN_STYLE = Automatic;
				DEVELOPMENT_TEAM = 23ZD3A5B8M;
				INFOPLIST_FILE = CurrencyConverterUITests/Info.plist;
				LD_RUNPATH_SEARCH_PATHS = (
					"$(inherited)",
					"@executable_path/Frameworks",
					"@loader_path/Frameworks",
				);
				PRODUCT_BUNDLE_IDENTIFIER = com.lu.corp.CurrencyConverterUITests;
				PRODUCT_NAME = "$(TARGET_NAME)";
				SWIFT_VERSION = 5.0;
				TARGETED_DEVICE_FAMILY = "1,2";
				TEST_TARGET_NAME = CurrencyConverter;
			};
			name = Debug;
		};
		8919B3E4266BD5BC008F266D /* Release */ = {
			isa = XCBuildConfiguration;
			baseConfigurationReference = 74D019202AEB640FA59D6C32 /* Pods-CurrencyConverter-CurrencyConverterUITests.release.xcconfig */;
			buildSettings = {
				ALWAYS_EMBED_SWIFT_STANDARD_LIBRARIES = YES;
				CODE_SIGN_STYLE = Automatic;
				DEVELOPMENT_TEAM = 23ZD3A5B8M;
				INFOPLIST_FILE = CurrencyConverterUITests/Info.plist;
				LD_RUNPATH_SEARCH_PATHS = (
					"$(inherited)",
					"@executable_path/Frameworks",
					"@loader_path/Frameworks",
				);
				PRODUCT_BUNDLE_IDENTIFIER = com.lu.corp.CurrencyConverterUITests;
				PRODUCT_NAME = "$(TARGET_NAME)";
				SWIFT_VERSION = 5.0;
				TARGETED_DEVICE_FAMILY = "1,2";
				TEST_TARGET_NAME = CurrencyConverter;
			};
			name = Release;
		};
/* End XCBuildConfiguration section */

/* Begin XCConfigurationList section */
		8919B3AD266BD5BB008F266D /* Build configuration list for PBXProject "CurrencyConverter" */ = {
			isa = XCConfigurationList;
			buildConfigurations = (
				8919B3DA266BD5BC008F266D /* Debug */,
				8919B3DB266BD5BC008F266D /* Release */,
			);
			defaultConfigurationIsVisible = 0;
			defaultConfigurationName = Release;
		};
		8919B3DC266BD5BC008F266D /* Build configuration list for PBXNativeTarget "CurrencyConverter" */ = {
			isa = XCConfigurationList;
			buildConfigurations = (
				8919B3DD266BD5BC008F266D /* Debug */,
				8919B3DE266BD5BC008F266D /* Release */,
			);
			defaultConfigurationIsVisible = 0;
			defaultConfigurationName = Release;
		};
		8919B3DF266BD5BC008F266D /* Build configuration list for PBXNativeTarget "CurrencyConverterTests" */ = {
			isa = XCConfigurationList;
			buildConfigurations = (
				8919B3E0266BD5BC008F266D /* Debug */,
				8919B3E1266BD5BC008F266D /* Release */,
			);
			defaultConfigurationIsVisible = 0;
			defaultConfigurationName = Release;
		};
		8919B3E2266BD5BC008F266D /* Build configuration list for PBXNativeTarget "CurrencyConverterUITests" */ = {
			isa = XCConfigurationList;
			buildConfigurations = (
				8919B3E3266BD5BC008F266D /* Debug */,
				8919B3E4266BD5BC008F266D /* Release */,
			);
			defaultConfigurationIsVisible = 0;
			defaultConfigurationName = Release;
		};
/* End XCConfigurationList section */
	};
	rootObject = 8919B3AA266BD5BB008F266D /* Project object */;
}
